// !$*UTF8*$!
{
	archiveVersion = 1;
	classes = {
	};
	objectVersion = 55;
	objects = {

/* Begin PBXBuildFile section */
		18C47106284AAA9A008AD750 /* FormuApp.swift in Sources */ = {isa = PBXBuildFile; fileRef = 18C47105284AAA9A008AD750 /* FormuApp.swift */; };
		18C47108284AAA9A008AD750 /* ContentView.swift in Sources */ = {isa = PBXBuildFile; fileRef = 18C47107284AAA9A008AD750 /* ContentView.swift */; };
		18C4710A284AAA9A008AD750 /* Assets.xcassets in Resources */ = {isa = PBXBuildFile; fileRef = 18C47109284AAA9A008AD750 /* Assets.xcassets */; };
		18C4710D284AAA9A008AD750 /* Preview Assets.xcassets in Resources */ = {isa = PBXBuildFile; fileRef = 18C4710C284AAA9A008AD750 /* Preview Assets.xcassets */; };
		18C47111284AAA9A008AD750 /* Formu WatchKit App.app in Embed Watch Content */ = {isa = PBXBuildFile; fileRef = 18C47110284AAA9A008AD750 /* Formu WatchKit App.app */; settings = {ATTRIBUTES = (RemoveHeadersOnCopy, ); }; };
		18C47116284AAA9B008AD750 /* Assets.xcassets in Resources */ = {isa = PBXBuildFile; fileRef = 18C47115284AAA9B008AD750 /* Assets.xcassets */; };
		18C4711C284AAA9B008AD750 /* Formu WatchKit Extension.appex in Embed App Extensions */ = {isa = PBXBuildFile; fileRef = 18C4711B284AAA9B008AD750 /* Formu WatchKit Extension.appex */; settings = {ATTRIBUTES = (RemoveHeadersOnCopy, ); }; };
		18C47121284AAA9B008AD750 /* ContentView.swift in Sources */ = {isa = PBXBuildFile; fileRef = 18C47120284AAA9B008AD750 /* ContentView.swift */; };
		18C47123284AAA9B008AD750 /* FormuApp.swift in Sources */ = {isa = PBXBuildFile; fileRef = 18C47122284AAA9B008AD750 /* FormuApp.swift */; };
		18C47125284AAA9B008AD750 /* ComplicationController.swift in Sources */ = {isa = PBXBuildFile; fileRef = 18C47124284AAA9B008AD750 /* ComplicationController.swift */; };
		18C47127284AAA9C008AD750 /* Assets.xcassets in Resources */ = {isa = PBXBuildFile; fileRef = 18C47126284AAA9C008AD750 /* Assets.xcassets */; };
		18C4712A284AAA9C008AD750 /* Preview Assets.xcassets in Resources */ = {isa = PBXBuildFile; fileRef = 18C47129284AAA9C008AD750 /* Preview Assets.xcassets */; };
/* End PBXBuildFile section */

/* Begin PBXContainerItemProxy section */
		18C47112284AAA9A008AD750 /* PBXContainerItemProxy */ = {
			isa = PBXContainerItemProxy;
			containerPortal = 18C470FA284AAA9A008AD750 /* Project object */;
			proxyType = 1;
			remoteGlobalIDString = 18C4710F284AAA9A008AD750;
			remoteInfo = "Formu WatchKit App";
		};
		18C4711D284AAA9B008AD750 /* PBXContainerItemProxy */ = {
			isa = PBXContainerItemProxy;
			containerPortal = 18C470FA284AAA9A008AD750 /* Project object */;
			proxyType = 1;
			remoteGlobalIDString = 18C4711A284AAA9B008AD750;
			remoteInfo = "Formu WatchKit Extension";
		};
/* End PBXContainerItemProxy section */

/* Begin PBXCopyFilesBuildPhase section */
		18C47131284AAA9C008AD750 /* Embed App Extensions */ = {
			isa = PBXCopyFilesBuildPhase;
			buildActionMask = 2147483647;
			dstPath = "";
			dstSubfolderSpec = 13;
			files = (
				18C4711C284AAA9B008AD750 /* Formu WatchKit Extension.appex in Embed App Extensions */,
			);
			name = "Embed App Extensions";
			runOnlyForDeploymentPostprocessing = 0;
		};
		18C47135284AAA9C008AD750 /* Embed Watch Content */ = {
			isa = PBXCopyFilesBuildPhase;
			buildActionMask = 2147483647;
			dstPath = "$(CONTENTS_FOLDER_PATH)/Watch";
			dstSubfolderSpec = 16;
			files = (
				18C47111284AAA9A008AD750 /* Formu WatchKit App.app in Embed Watch Content */,
			);
			name = "Embed Watch Content";
			runOnlyForDeploymentPostprocessing = 0;
		};
/* End PBXCopyFilesBuildPhase section */

/* Begin PBXFileReference section */
		18C47102284AAA9A008AD750 /* Formu.app */ = {isa = PBXFileReference; explicitFileType = wrapper.application; includeInIndex = 0; path = Formu.app; sourceTree = BUILT_PRODUCTS_DIR; };
		18C47105284AAA9A008AD750 /* FormuApp.swift */ = {isa = PBXFileReference; lastKnownFileType = sourcecode.swift; path = FormuApp.swift; sourceTree = "<group>"; };
		18C47107284AAA9A008AD750 /* ContentView.swift */ = {isa = PBXFileReference; lastKnownFileType = sourcecode.swift; path = ContentView.swift; sourceTree = "<group>"; };
		18C47109284AAA9A008AD750 /* Assets.xcassets */ = {isa = PBXFileReference; lastKnownFileType = folder.assetcatalog; path = Assets.xcassets; sourceTree = "<group>"; };
		18C4710C284AAA9A008AD750 /* Preview Assets.xcassets */ = {isa = PBXFileReference; lastKnownFileType = folder.assetcatalog; path = "Preview Assets.xcassets"; sourceTree = "<group>"; };
		18C47110284AAA9A008AD750 /* Formu WatchKit App.app */ = {isa = PBXFileReference; explicitFileType = wrapper.application; includeInIndex = 0; path = "Formu WatchKit App.app"; sourceTree = BUILT_PRODUCTS_DIR; };
		18C47115284AAA9B008AD750 /* Assets.xcassets */ = {isa = PBXFileReference; lastKnownFileType = folder.assetcatalog; path = Assets.xcassets; sourceTree = "<group>"; };
		18C4711B284AAA9B008AD750 /* Formu WatchKit Extension.appex */ = {isa = PBXFileReference; explicitFileType = "wrapper.app-extension"; includeInIndex = 0; path = "Formu WatchKit Extension.appex"; sourceTree = BUILT_PRODUCTS_DIR; };
		18C47120284AAA9B008AD750 /* ContentView.swift */ = {isa = PBXFileReference; lastKnownFileType = sourcecode.swift; path = ContentView.swift; sourceTree = "<group>"; };
		18C47122284AAA9B008AD750 /* FormuApp.swift */ = {isa = PBXFileReference; lastKnownFileType = sourcecode.swift; path = FormuApp.swift; sourceTree = "<group>"; };
		18C47124284AAA9B008AD750 /* ComplicationController.swift */ = {isa = PBXFileReference; lastKnownFileType = sourcecode.swift; path = ComplicationController.swift; sourceTree = "<group>"; };
		18C47126284AAA9C008AD750 /* Assets.xcassets */ = {isa = PBXFileReference; lastKnownFileType = folder.assetcatalog; path = Assets.xcassets; sourceTree = "<group>"; };
		18C47129284AAA9C008AD750 /* Preview Assets.xcassets */ = {isa = PBXFileReference; lastKnownFileType = folder.assetcatalog; path = "Preview Assets.xcassets"; sourceTree = "<group>"; };
		18C4712B284AAA9C008AD750 /* Info.plist */ = {isa = PBXFileReference; lastKnownFileType = text.plist.xml; path = Info.plist; sourceTree = "<group>"; };
/* End PBXFileReference section */

/* Begin PBXFrameworksBuildPhase section */
		18C470FF284AAA9A008AD750 /* Frameworks */ = {
			isa = PBXFrameworksBuildPhase;
			buildActionMask = 2147483647;
			files = (
			);
			runOnlyForDeploymentPostprocessing = 0;
		};
		18C47118284AAA9B008AD750 /* Frameworks */ = {
			isa = PBXFrameworksBuildPhase;
			buildActionMask = 2147483647;
			files = (
			);
			runOnlyForDeploymentPostprocessing = 0;
		};
/* End PBXFrameworksBuildPhase section */

/* Begin PBXGroup section */
		18C470F9284AAA9A008AD750 = {
			isa = PBXGroup;
			children = (
				18C47104284AAA9A008AD750 /* Formu */,
				18C47114284AAA9A008AD750 /* Formu WatchKit App */,
				18C4711F284AAA9B008AD750 /* Formu WatchKit Extension */,
				18C47103284AAA9A008AD750 /* Products */,
			);
			sourceTree = "<group>";
		};
		18C47103284AAA9A008AD750 /* Products */ = {
			isa = PBXGroup;
			children = (
				18C47102284AAA9A008AD750 /* Formu.app */,
				18C47110284AAA9A008AD750 /* Formu WatchKit App.app */,
				18C4711B284AAA9B008AD750 /* Formu WatchKit Extension.appex */,
			);
			name = Products;
			sourceTree = "<group>";
		};
		18C47104284AAA9A008AD750 /* Formu */ = {
			isa = PBXGroup;
			children = (
				18C47105284AAA9A008AD750 /* FormuApp.swift */,
				18C47107284AAA9A008AD750 /* ContentView.swift */,
				18C47109284AAA9A008AD750 /* Assets.xcassets */,
				18C4710B284AAA9A008AD750 /* Preview Content */,
			);
			path = Formu;
			sourceTree = "<group>";
		};
		18C4710B284AAA9A008AD750 /* Preview Content */ = {
			isa = PBXGroup;
			children = (
				18C4710C284AAA9A008AD750 /* Preview Assets.xcassets */,
			);
			path = "Preview Content";
			sourceTree = "<group>";
		};
		18C47114284AAA9A008AD750 /* Formu WatchKit App */ = {
			isa = PBXGroup;
			children = (
				18C47115284AAA9B008AD750 /* Assets.xcassets */,
			);
			path = "Formu WatchKit App";
			sourceTree = "<group>";
		};
		18C4711F284AAA9B008AD750 /* Formu WatchKit Extension */ = {
			isa = PBXGroup;
			children = (
				18C47120284AAA9B008AD750 /* ContentView.swift */,
				18C47122284AAA9B008AD750 /* FormuApp.swift */,
				18C47124284AAA9B008AD750 /* ComplicationController.swift */,
				18C47126284AAA9C008AD750 /* Assets.xcassets */,
				18C4712B284AAA9C008AD750 /* Info.plist */,
				18C47128284AAA9C008AD750 /* Preview Content */,
			);
			path = "Formu WatchKit Extension";
			sourceTree = "<group>";
		};
		18C47128284AAA9C008AD750 /* Preview Content */ = {
			isa = PBXGroup;
			children = (
				18C47129284AAA9C008AD750 /* Preview Assets.xcassets */,
			);
			path = "Preview Content";
			sourceTree = "<group>";
		};
/* End PBXGroup section */

/* Begin PBXNativeTarget section */
		18C47101284AAA9A008AD750 /* Formu */ = {
			isa = PBXNativeTarget;
			buildConfigurationList = 18C47136284AAA9C008AD750 /* Build configuration list for PBXNativeTarget "Formu" */;
			buildPhases = (
				18C470FE284AAA9A008AD750 /* Sources */,
				18C470FF284AAA9A008AD750 /* Frameworks */,
				18C47100284AAA9A008AD750 /* Resources */,
				18C47135284AAA9C008AD750 /* Embed Watch Content */,
			);
			buildRules = (
			);
			dependencies = (
				18C47113284AAA9A008AD750 /* PBXTargetDependency */,
			);
			name = Formu;
			productName = Formu;
			productReference = 18C47102284AAA9A008AD750 /* Formu.app */;
			productType = "com.apple.product-type.application";
		};
		18C4710F284AAA9A008AD750 /* Formu WatchKit App */ = {
			isa = PBXNativeTarget;
			buildConfigurationList = 18C47132284AAA9C008AD750 /* Build configuration list for PBXNativeTarget "Formu WatchKit App" */;
			buildPhases = (
				18C4710E284AAA9A008AD750 /* Resources */,
				18C47131284AAA9C008AD750 /* Embed App Extensions */,
			);
			buildRules = (
			);
			dependencies = (
				18C4711E284AAA9B008AD750 /* PBXTargetDependency */,
			);
			name = "Formu WatchKit App";
			productName = "Formu WatchKit App";
			productReference = 18C47110284AAA9A008AD750 /* Formu WatchKit App.app */;
			productType = "com.apple.product-type.application.watchapp2";
		};
		18C4711A284AAA9B008AD750 /* Formu WatchKit Extension */ = {
			isa = PBXNativeTarget;
			buildConfigurationList = 18C4712E284AAA9C008AD750 /* Build configuration list for PBXNativeTarget "Formu WatchKit Extension" */;
			buildPhases = (
				18C47117284AAA9B008AD750 /* Sources */,
				18C47118284AAA9B008AD750 /* Frameworks */,
				18C47119284AAA9B008AD750 /* Resources */,
			);
			buildRules = (
			);
			dependencies = (
			);
			name = "Formu WatchKit Extension";
			productName = "Formu WatchKit Extension";
			productReference = 18C4711B284AAA9B008AD750 /* Formu WatchKit Extension.appex */;
			productType = "com.apple.product-type.watchkit2-extension";
		};
/* End PBXNativeTarget section */

/* Begin PBXProject section */
		18C470FA284AAA9A008AD750 /* Project object */ = {
			isa = PBXProject;
			attributes = {
				BuildIndependentTargetsInParallel = 1;
				LastSwiftUpdateCheck = 1340;
				LastUpgradeCheck = 1340;
				TargetAttributes = {
					18C47101284AAA9A008AD750 = {
						CreatedOnToolsVersion = 13.4;
					};
					18C4710F284AAA9A008AD750 = {
						CreatedOnToolsVersion = 13.4;
					};
					18C4711A284AAA9B008AD750 = {
						CreatedOnToolsVersion = 13.4;
					};
				};
			};
			buildConfigurationList = 18C470FD284AAA9A008AD750 /* Build configuration list for PBXProject "Formu" */;
			compatibilityVersion = "Xcode 13.0";
			developmentRegion = en;
			hasScannedForEncodings = 0;
			knownRegions = (
				en,
				Base,
			);
			mainGroup = 18C470F9284AAA9A008AD750;
			productRefGroup = 18C47103284AAA9A008AD750 /* Products */;
			projectDirPath = "";
			projectRoot = "";
			targets = (
				18C47101284AAA9A008AD750 /* Formu */,
				18C4710F284AAA9A008AD750 /* Formu WatchKit App */,
				18C4711A284AAA9B008AD750 /* Formu WatchKit Extension */,
			);
		};
/* End PBXProject section */

/* Begin PBXResourcesBuildPhase section */
		18C47100284AAA9A008AD750 /* Resources */ = {
			isa = PBXResourcesBuildPhase;
			buildActionMask = 2147483647;
			files = (
				18C4710D284AAA9A008AD750 /* Preview Assets.xcassets in Resources */,
				18C4710A284AAA9A008AD750 /* Assets.xcassets in Resources */,
			);
			runOnlyForDeploymentPostprocessing = 0;
		};
		18C4710E284AAA9A008AD750 /* Resources */ = {
			isa = PBXResourcesBuildPhase;
			buildActionMask = 2147483647;
			files = (
				18C47116284AAA9B008AD750 /* Assets.xcassets in Resources */,
			);
			runOnlyForDeploymentPostprocessing = 0;
		};
		18C47119284AAA9B008AD750 /* Resources */ = {
			isa = PBXResourcesBuildPhase;
			buildActionMask = 2147483647;
			files = (
				18C4712A284AAA9C008AD750 /* Preview Assets.xcassets in Resources */,
				18C47127284AAA9C008AD750 /* Assets.xcassets in Resources */,
			);
			runOnlyForDeploymentPostprocessing = 0;
		};
/* End PBXResourcesBuildPhase section */

/* Begin PBXSourcesBuildPhase section */
		18C470FE284AAA9A008AD750 /* Sources */ = {
			isa = PBXSourcesBuildPhase;
			buildActionMask = 2147483647;
			files = (
				18C47108284AAA9A008AD750 /* ContentView.swift in Sources */,
				18C47106284AAA9A008AD750 /* FormuApp.swift in Sources */,
			);
			runOnlyForDeploymentPostprocessing = 0;
		};
		18C47117284AAA9B008AD750 /* Sources */ = {
			isa = PBXSourcesBuildPhase;
			buildActionMask = 2147483647;
			files = (
				18C47121284AAA9B008AD750 /* ContentView.swift in Sources */,
				18C47123284AAA9B008AD750 /* FormuApp.swift in Sources */,
				18C47125284AAA9B008AD750 /* ComplicationController.swift in Sources */,
			);
			runOnlyForDeploymentPostprocessing = 0;
		};
/* End PBXSourcesBuildPhase section */

/* Begin PBXTargetDependency section */
		18C47113284AAA9A008AD750 /* PBXTargetDependency */ = {
			isa = PBXTargetDependency;
			target = 18C4710F284AAA9A008AD750 /* Formu WatchKit App */;
			targetProxy = 18C47112284AAA9A008AD750 /* PBXContainerItemProxy */;
		};
		18C4711E284AAA9B008AD750 /* PBXTargetDependency */ = {
			isa = PBXTargetDependency;
			target = 18C4711A284AAA9B008AD750 /* Formu WatchKit Extension */;
			targetProxy = 18C4711D284AAA9B008AD750 /* PBXContainerItemProxy */;
		};
/* End PBXTargetDependency section */

/* Begin XCBuildConfiguration section */
		18C4712C284AAA9C008AD750 /* Debug */ = {
			isa = XCBuildConfiguration;
			buildSettings = {
				ALWAYS_SEARCH_USER_PATHS = NO;
				CLANG_ANALYZER_NONNULL = YES;
				CLANG_ANALYZER_NUMBER_OBJECT_CONVERSION = YES_AGGRESSIVE;
				CLANG_CXX_LANGUAGE_STANDARD = "gnu++17";
				CLANG_ENABLE_MODULES = YES;
				CLANG_ENABLE_OBJC_ARC = YES;
				CLANG_ENABLE_OBJC_WEAK = YES;
				CLANG_WARN_BLOCK_CAPTURE_AUTORELEASING = YES;
				CLANG_WARN_BOOL_CONVERSION = YES;
				CLANG_WARN_COMMA = YES;
				CLANG_WARN_CONSTANT_CONVERSION = YES;
				CLANG_WARN_DEPRECATED_OBJC_IMPLEMENTATIONS = YES;
				CLANG_WARN_DIRECT_OBJC_ISA_USAGE = YES_ERROR;
				CLANG_WARN_DOCUMENTATION_COMMENTS = YES;
				CLANG_WARN_EMPTY_BODY = YES;
				CLANG_WARN_ENUM_CONVERSION = YES;
				CLANG_WARN_INFINITE_RECURSION = YES;
				CLANG_WARN_INT_CONVERSION = YES;
				CLANG_WARN_NON_LITERAL_NULL_CONVERSION = YES;
				CLANG_WARN_OBJC_IMPLICIT_RETAIN_SELF = YES;
				CLANG_WARN_OBJC_LITERAL_CONVERSION = YES;
				CLANG_WARN_OBJC_ROOT_CLASS = YES_ERROR;
				CLANG_WARN_QUOTED_INCLUDE_IN_FRAMEWORK_HEADER = YES;
				CLANG_WARN_RANGE_LOOP_ANALYSIS = YES;
				CLANG_WARN_STRICT_PROTOTYPES = YES;
				CLANG_WARN_SUSPICIOUS_MOVE = YES;
				CLANG_WARN_UNGUARDED_AVAILABILITY = YES_AGGRESSIVE;
				CLANG_WARN_UNREACHABLE_CODE = YES;
				CLANG_WARN__DUPLICATE_METHOD_MATCH = YES;
				COPY_PHASE_STRIP = NO;
				DEBUG_INFORMATION_FORMAT = dwarf;
				ENABLE_STRICT_OBJC_MSGSEND = YES;
				ENABLE_TESTABILITY = YES;
				GCC_C_LANGUAGE_STANDARD = gnu11;
				GCC_DYNAMIC_NO_PIC = NO;
				GCC_NO_COMMON_BLOCKS = YES;
				GCC_OPTIMIZATION_LEVEL = 0;
				GCC_PREPROCESSOR_DEFINITIONS = (
					"DEBUG=1",
					"$(inherited)",
				);
				GCC_WARN_64_TO_32_BIT_CONVERSION = YES;
				GCC_WARN_ABOUT_RETURN_TYPE = YES_ERROR;
				GCC_WARN_UNDECLARED_SELECTOR = YES;
				GCC_WARN_UNINITIALIZED_AUTOS = YES_AGGRESSIVE;
				GCC_WARN_UNUSED_FUNCTION = YES;
				GCC_WARN_UNUSED_VARIABLE = YES;
				MTL_ENABLE_DEBUG_INFO = INCLUDE_SOURCE;
				MTL_FAST_MATH = YES;
				ONLY_ACTIVE_ARCH = YES;
				SWIFT_ACTIVE_COMPILATION_CONDITIONS = DEBUG;
				SWIFT_OPTIMIZATION_LEVEL = "-Onone";
			};
			name = Debug;
		};
		18C4712D284AAA9C008AD750 /* Release */ = {
			isa = XCBuildConfiguration;
			buildSettings = {
				ALWAYS_SEARCH_USER_PATHS = NO;
				CLANG_ANALYZER_NONNULL = YES;
				CLANG_ANALYZER_NUMBER_OBJECT_CONVERSION = YES_AGGRESSIVE;
				CLANG_CXX_LANGUAGE_STANDARD = "gnu++17";
				CLANG_ENABLE_MODULES = YES;
				CLANG_ENABLE_OBJC_ARC = YES;
				CLANG_ENABLE_OBJC_WEAK = YES;
				CLANG_WARN_BLOCK_CAPTURE_AUTORELEASING = YES;
				CLANG_WARN_BOOL_CONVERSION = YES;
				CLANG_WARN_COMMA = YES;
				CLANG_WARN_CONSTANT_CONVERSION = YES;
				CLANG_WARN_DEPRECATED_OBJC_IMPLEMENTATIONS = YES;
				CLANG_WARN_DIRECT_OBJC_ISA_USAGE = YES_ERROR;
				CLANG_WARN_DOCUMENTATION_COMMENTS = YES;
				CLANG_WARN_EMPTY_BODY = YES;
				CLANG_WARN_ENUM_CONVERSION = YES;
				CLANG_WARN_INFINITE_RECURSION = YES;
				CLANG_WARN_INT_CONVERSION = YES;
				CLANG_WARN_NON_LITERAL_NULL_CONVERSION = YES;
				CLANG_WARN_OBJC_IMPLICIT_RETAIN_SELF = YES;
				CLANG_WARN_OBJC_LITERAL_CONVERSION = YES;
				CLANG_WARN_OBJC_ROOT_CLASS = YES_ERROR;
				CLANG_WARN_QUOTED_INCLUDE_IN_FRAMEWORK_HEADER = YES;
				CLANG_WARN_RANGE_LOOP_ANALYSIS = YES;
				CLANG_WARN_STRICT_PROTOTYPES = YES;
				CLANG_WARN_SUSPICIOUS_MOVE = YES;
				CLANG_WARN_UNGUARDED_AVAILABILITY = YES_AGGRESSIVE;
				CLANG_WARN_UNREACHABLE_CODE = YES;
				CLANG_WARN__DUPLICATE_METHOD_MATCH = YES;
				COPY_PHASE_STRIP = NO;
				DEBUG_INFORMATION_FORMAT = "dwarf-with-dsym";
				ENABLE_NS_ASSERTIONS = NO;
				ENABLE_STRICT_OBJC_MSGSEND = YES;
				GCC_C_LANGUAGE_STANDARD = gnu11;
				GCC_NO_COMMON_BLOCKS = YES;
				GCC_WARN_64_TO_32_BIT_CONVERSION = YES;
				GCC_WARN_ABOUT_RETURN_TYPE = YES_ERROR;
				GCC_WARN_UNDECLARED_SELECTOR = YES;
				GCC_WARN_UNINITIALIZED_AUTOS = YES_AGGRESSIVE;
				GCC_WARN_UNUSED_FUNCTION = YES;
				GCC_WARN_UNUSED_VARIABLE = YES;
				MTL_ENABLE_DEBUG_INFO = NO;
				MTL_FAST_MATH = YES;
				SWIFT_COMPILATION_MODE = wholemodule;
				SWIFT_OPTIMIZATION_LEVEL = "-O";
			};
			name = Release;
		};
		18C4712F284AAA9C008AD750 /* Debug */ = {
			isa = XCBuildConfiguration;
			buildSettings = {
				ASSETCATALOG_COMPILER_COMPLICATION_NAME = Complication;
				CODE_SIGN_STYLE = Automatic;
				CURRENT_PROJECT_VERSION = 1;
				DEVELOPMENT_ASSET_PATHS = "\"Formu WatchKit Extension/Preview Content\"";
				DEVELOPMENT_TEAM = 5USBMW4AED;
				ENABLE_PREVIEWS = YES;
				GENERATE_INFOPLIST_FILE = YES;
				INFOPLIST_FILE = "Formu WatchKit Extension/Info.plist";
				INFOPLIST_KEY_CFBundleDisplayName = "Formu WatchKit Extension";
				INFOPLIST_KEY_CLKComplicationPrincipalClass = "$(PRODUCT_MODULE_NAME).ComplicationController";
				INFOPLIST_KEY_NSHumanReadableCopyright = "";
				INFOPLIST_KEY_WKRunsIndependentlyOfCompanionApp = YES;
				LD_RUNPATH_SEARCH_PATHS = (
					"$(inherited)",
					"@executable_path/Frameworks",
					"@executable_path/../../Frameworks",
				);
				MARKETING_VERSION = 1.0;
				PRODUCT_BUNDLE_IDENTIFIER = com.danielortiz.Formu.watchkitapp.watchkitextension;
				PRODUCT_NAME = "${TARGET_NAME}";
				SDKROOT = watchos;
				SKIP_INSTALL = YES;
				SWIFT_EMIT_LOC_STRINGS = YES;
				SWIFT_VERSION = 5.0;
				TARGETED_DEVICE_FAMILY = 4;
				WATCHOS_DEPLOYMENT_TARGET = 8.5;
			};
			name = Debug;
		};
		18C47130284AAA9C008AD750 /* Release */ = {
			isa = XCBuildConfiguration;
			buildSettings = {
				ASSETCATALOG_COMPILER_COMPLICATION_NAME = Complication;
				CODE_SIGN_STYLE = Automatic;
				CURRENT_PROJECT_VERSION = 1;
				DEVELOPMENT_ASSET_PATHS = "\"Formu WatchKit Extension/Preview Content\"";
				DEVELOPMENT_TEAM = 5USBMW4AED;
				ENABLE_PREVIEWS = YES;
				GENERATE_INFOPLIST_FILE = YES;
				INFOPLIST_FILE = "Formu WatchKit Extension/Info.plist";
				INFOPLIST_KEY_CFBundleDisplayName = "Formu WatchKit Extension";
				INFOPLIST_KEY_CLKComplicationPrincipalClass = "$(PRODUCT_MODULE_NAME).ComplicationController";
				INFOPLIST_KEY_NSHumanReadableCopyright = "";
				INFOPLIST_KEY_WKRunsIndependentlyOfCompanionApp = YES;
				LD_RUNPATH_SEARCH_PATHS = (
					"$(inherited)",
					"@executable_path/Frameworks",
					"@executable_path/../../Frameworks",
				);
				MARKETING_VERSION = 1.0;
				PRODUCT_BUNDLE_IDENTIFIER = com.danielortiz.Formu.watchkitapp.watchkitextension;
				PRODUCT_NAME = "${TARGET_NAME}";
				SDKROOT = watchos;
				SKIP_INSTALL = YES;
				SWIFT_EMIT_LOC_STRINGS = YES;
				SWIFT_VERSION = 5.0;
				TARGETED_DEVICE_FAMILY = 4;
				VALIDATE_PRODUCT = YES;
				WATCHOS_DEPLOYMENT_TARGET = 8.5;
			};
			name = Release;
		};
		18C47133284AAA9C008AD750 /* Debug */ = {
			isa = XCBuildConfiguration;
			buildSettings = {
				ALWAYS_EMBED_SWIFT_STANDARD_LIBRARIES = YES;
				ASSETCATALOG_COMPILER_APPICON_NAME = AppIcon;
				ASSETCATALOG_COMPILER_GLOBAL_ACCENT_COLOR_NAME = AccentColor;
				CODE_SIGN_STYLE = Automatic;
				CURRENT_PROJECT_VERSION = 1;
				DEVELOPMENT_TEAM = 5USBMW4AED;
				GENERATE_INFOPLIST_FILE = YES;
				IBSC_MODULE = Formu_WatchKit_Extension;
				INFOPLIST_KEY_CFBundleDisplayName = "Formu WatchKit App";
				INFOPLIST_KEY_UISupportedInterfaceOrientations = "UIInterfaceOrientationPortrait UIInterfaceOrientationPortraitUpsideDown";
				INFOPLIST_KEY_WKCompanionAppBundleIdentifier = com.danielortiz.Formu;
				MARKETING_VERSION = 1.0;
				PRODUCT_BUNDLE_IDENTIFIER = com.danielortiz.Formu.watchkitapp;
				PRODUCT_NAME = "$(TARGET_NAME)";
				SDKROOT = watchos;
				SKIP_INSTALL = YES;
				SWIFT_EMIT_LOC_STRINGS = YES;
				SWIFT_VERSION = 5.0;
				TARGETED_DEVICE_FAMILY = 4;
				WATCHOS_DEPLOYMENT_TARGET = 8.5;
			};
			name = Debug;
		};
		18C47134284AAA9C008AD750 /* Release */ = {
			isa = XCBuildConfiguration;
			buildSettings = {
				ALWAYS_EMBED_SWIFT_STANDARD_LIBRARIES = YES;
				ASSETCATALOG_COMPILER_APPICON_NAME = AppIcon;
				ASSETCATALOG_COMPILER_GLOBAL_ACCENT_COLOR_NAME = AccentColor;
				CODE_SIGN_STYLE = Automatic;
				CURRENT_PROJECT_VERSION = 1;
				DEVELOPMENT_TEAM = 5USBMW4AED;
				GENERATE_INFOPLIST_FILE = YES;
				IBSC_MODULE = Formu_WatchKit_Extension;
				INFOPLIST_KEY_CFBundleDisplayName = "Formu WatchKit App";
				INFOPLIST_KEY_UISupportedInterfaceOrientations = "UIInterfaceOrientationPortrait UIInterfaceOrientationPortraitUpsideDown";
				INFOPLIST_KEY_WKCompanionAppBundleIdentifier = com.danielortiz.Formu;
				MARKETING_VERSION = 1.0;
				PRODUCT_BUNDLE_IDENTIFIER = com.danielortiz.Formu.watchkitapp;
				PRODUCT_NAME = "$(TARGET_NAME)";
				SDKROOT = watchos;
				SKIP_INSTALL = YES;
				SWIFT_EMIT_LOC_STRINGS = YES;
				SWIFT_VERSION = 5.0;
				TARGETED_DEVICE_FAMILY = 4;
				VALIDATE_PRODUCT = YES;
				WATCHOS_DEPLOYMENT_TARGET = 8.5;
			};
			name = Release;
		};
		18C47137284AAA9C008AD750 /* Debug */ = {
			isa = XCBuildConfiguration;
			buildSettings = {
				ASSETCATALOG_COMPILER_APPICON_NAME = AppIcon;
				ASSETCATALOG_COMPILER_GLOBAL_ACCENT_COLOR_NAME = AccentColor;
				CODE_SIGN_STYLE = Automatic;
				CURRENT_PROJECT_VERSION = 1;
				DEVELOPMENT_ASSET_PATHS = "\"Formu/Preview Content\"";
				DEVELOPMENT_TEAM = 5USBMW4AED;
				ENABLE_PREVIEWS = YES;
				GENERATE_INFOPLIST_FILE = YES;
				INFOPLIST_KEY_UIApplicationSceneManifest_Generation = YES;
				INFOPLIST_KEY_UIApplicationSupportsIndirectInputEvents = YES;
				INFOPLIST_KEY_UILaunchScreen_Generation = YES;
				INFOPLIST_KEY_UISupportedInterfaceOrientations_iPad = "UIInterfaceOrientationPortrait UIInterfaceOrientationPortraitUpsideDown UIInterfaceOrientationLandscapeLeft UIInterfaceOrientationLandscapeRight";
				INFOPLIST_KEY_UISupportedInterfaceOrientations_iPhone = "UIInterfaceOrientationPortrait UIInterfaceOrientationLandscapeLeft UIInterfaceOrientationLandscapeRight";
				IPHONEOS_DEPLOYMENT_TARGET = 15.5;
				LD_RUNPATH_SEARCH_PATHS = (
					"$(inherited)",
					"@executable_path/Frameworks",
				);
				MARKETING_VERSION = 1.0;
				PRODUCT_BUNDLE_IDENTIFIER = com.danielortiz.Formu;
				PRODUCT_NAME = "$(TARGET_NAME)";
				SDKROOT = iphoneos;
				SWIFT_EMIT_LOC_STRINGS = YES;
				SWIFT_VERSION = 5.0;
				TARGETED_DEVICE_FAMILY = "1,2";
			};
			name = Debug;
		};
		18C47138284AAA9C008AD750 /* Release */ = {
			isa = XCBuildConfiguration;
			buildSettings = {
				ASSETCATALOG_COMPILER_APPICON_NAME = AppIcon;
				ASSETCATALOG_COMPILER_GLOBAL_ACCENT_COLOR_NAME = AccentColor;
				CODE_SIGN_STYLE = Automatic;
				CURRENT_PROJECT_VERSION = 1;
				DEVELOPMENT_ASSET_PATHS = "\"Formu/Preview Content\"";
				DEVELOPMENT_TEAM = 5USBMW4AED;
				ENABLE_PREVIEWS = YES;
				GENERATE_INFOPLIST_FILE = YES;
				INFOPLIST_KEY_UIApplicationSceneManifest_Generation = YES;
				INFOPLIST_KEY_UIApplicationSupportsIndirectInputEvents = YES;
				INFOPLIST_KEY_UILaunchScreen_Generation = YES;
				INFOPLIST_KEY_UISupportedInterfaceOrientations_iPad = "UIInterfaceOrientationPortrait UIInterfaceOrientationPortraitUpsideDown UIInterfaceOrientationLandscapeLeft UIInterfaceOrientationLandscapeRight";
				INFOPLIST_KEY_UISupportedInterfaceOrientations_iPhone = "UIInterfaceOrientationPortrait UIInterfaceOrientationLandscapeLeft UIInterfaceOrientationLandscapeRight";
				IPHONEOS_DEPLOYMENT_TARGET = 15.5;
				LD_RUNPATH_SEARCH_PATHS = (
					"$(inherited)",
					"@executable_path/Frameworks",
				);
				MARKETING_VERSION = 1.0;
				PRODUCT_BUNDLE_IDENTIFIER = com.danielortiz.Formu;
				PRODUCT_NAME = "$(TARGET_NAME)";
				SDKROOT = iphoneos;
				SWIFT_EMIT_LOC_STRINGS = YES;
				SWIFT_VERSION = 5.0;
				TARGETED_DEVICE_FAMILY = "1,2";
				VALIDATE_PRODUCT = YES;
			};
			name = Release;
		};
/* End XCBuildConfiguration section */

/* Begin XCConfigurationList section */
		18C470FD284AAA9A008AD750 /* Build configuration list for PBXProject "Formu" */ = {
			isa = XCConfigurationList;
			buildConfigurations = (
				18C4712C284AAA9C008AD750 /* Debug */,
				18C4712D284AAA9C008AD750 /* Release */,
			);
			defaultConfigurationIsVisible = 0;
			defaultConfigurationName = Release;
		};
		18C4712E284AAA9C008AD750 /* Build configuration list for PBXNativeTarget "Formu WatchKit Extension" */ = {
			isa = XCConfigurationList;
			buildConfigurations = (
				18C4712F284AAA9C008AD750 /* Debug */,
				18C47130284AAA9C008AD750 /* Release */,
			);
			defaultConfigurationIsVisible = 0;
			defaultConfigurationName = Release;
		};
		18C47132284AAA9C008AD750 /* Build configuration list for PBXNativeTarget "Formu WatchKit App" */ = {
			isa = XCConfigurationList;
			buildConfigurations = (
				18C47133284AAA9C008AD750 /* Debug */,
				18C47134284AAA9C008AD750 /* Release */,
			);
			defaultConfigurationIsVisible = 0;
			defaultConfigurationName = Release;
		};
		18C47136284AAA9C008AD750 /* Build configuration list for PBXNativeTarget "Formu" */ = {
			isa = XCConfigurationList;
			buildConfigurations = (
				18C47137284AAA9C008AD750 /* Debug */,
				18C47138284AAA9C008AD750 /* Release */,
			);
			defaultConfigurationIsVisible = 0;
			defaultConfigurationName = Release;
		};
/* End XCConfigurationList section */
	};
	rootObject = 18C470FA284AAA9A008AD750 /* Project object */;
}
